// !$*UTF8*$!
{
	archiveVersion = 1;
	classes = {
	};
	objectVersion = 46;
	objects = {

/* Begin PBXBuildFile section */
		38E3DB3A1AF1142100F84CBB /* AppDelegate.m in Sources */ = {isa = PBXBuildFile; fileRef = 38E3DB391AF1142100F84CBB /* AppDelegate.m */; };
		38E3DB3C1AF1142100F84CBB /* main.m in Sources */ = {isa = PBXBuildFile; fileRef = 38E3DB3B1AF1142100F84CBB /* main.m */; };
		38E3DB3E1AF1142100F84CBB /* Images.xcassets in Resources */ = {isa = PBXBuildFile; fileRef = 38E3DB3D1AF1142100F84CBB /* Images.xcassets */; };
		38E3DB411AF1142100F84CBB /* MainMenu.xib in Resources */ = {isa = PBXBuildFile; fileRef = 38E3DB3F1AF1142100F84CBB /* MainMenu.xib */; };
		38E3DB4D1AF1142100F84CBB /* lua_quartzTests.m in Sources */ = {isa = PBXBuildFile; fileRef = 38E3DB4C1AF1142100F84CBB /* lua_quartzTests.m */; };
		38E3DB8E1AF114BF00F84CBB /* BFLua.c in Sources */ = {isa = PBXBuildFile; fileRef = 38E3DB5B1AF114BF00F84CBB /* BFLua.c */; };
		38E3DB8F1AF114BF00F84CBB /* BFLuaCanvas.c in Sources */ = {isa = PBXBuildFile; fileRef = 38E3DB5D1AF114BF00F84CBB /* BFLuaCanvas.c */; };
		38E3DB901AF114BF00F84CBB /* BFLuaCanvasMetrics.c in Sources */ = {isa = PBXBuildFile; fileRef = 38E3DB5F1AF114BF00F84CBB /* BFLuaCanvasMetrics.c */; };
		38E3DB911AF114BF00F84CBB /* BFLuaColor.c in Sources */ = {isa = PBXBuildFile; fileRef = 38E3DB611AF114BF00F84CBB /* BFLuaColor.c */; };
		38E3DB921AF114BF00F84CBB /* BFLuaFont.c in Sources */ = {isa = PBXBuildFile; fileRef = 38E3DB631AF114BF00F84CBB /* BFLuaFont.c */; };
		38E3DB931AF114BF00F84CBB /* BFLuaGradient.c in Sources */ = {isa = PBXBuildFile; fileRef = 38E3DB651AF114BF00F84CBB /* BFLuaGradient.c */; };
		38E3DB941AF114BF00F84CBB /* BFLuaIcon.c in Sources */ = {isa = PBXBuildFile; fileRef = 38E3DB671AF114BF00F84CBB /* BFLuaIcon.c */; };
		38E3DB951AF114BF00F84CBB /* BFLuaPaint.c in Sources */ = {isa = PBXBuildFile; fileRef = 38E3DB691AF114BF00F84CBB /* BFLuaPaint.c */; };
		38E3DB961AF114BF00F84CBB /* BFLuaPaintMode.c in Sources */ = {isa = PBXBuildFile; fileRef = 38E3DB6B1AF114BF00F84CBB /* BFLuaPaintMode.c */; };
		38E3DB971AF114BF00F84CBB /* BFLuaPath.c in Sources */ = {isa = PBXBuildFile; fileRef = 38E3DB6D1AF114BF00F84CBB /* BFLuaPath.c */; };
		38E3DB981AF114BF00F84CBB /* BFLuaStyledString.c in Sources */ = {isa = PBXBuildFile; fileRef = 38E3DB6F1AF114BF00F84CBB /* BFLuaStyledString.c */; };
		38E3DB991AF114BF00F84CBB /* BFLuaTransformation.c in Sources */ = {isa = PBXBuildFile; fileRef = 38E3DB711AF114BF00F84CBB /* BFLuaTransformation.c */; };
		38E3DB9A1AF114BF00F84CBB /* BFBase.c in Sources */ = {isa = PBXBuildFile; fileRef = 38E3DB741AF114BF00F84CBB /* BFBase.c */; };
		38E3DB9B1AF114BF00F84CBB /* BFCanvas.c in Sources */ = {isa = PBXBuildFile; fileRef = 38E3DB761AF114BF00F84CBB /* BFCanvas.c */; };
		38E3DB9C1AF114BF00F84CBB /* BFCanvasMetrics.c in Sources */ = {isa = PBXBuildFile; fileRef = 38E3DB781AF114BF00F84CBB /* BFCanvasMetrics.c */; };
		38E3DB9D1AF114BF00F84CBB /* BFColorPaint.c in Sources */ = {isa = PBXBuildFile; fileRef = 38E3DB7A1AF114BF00F84CBB /* BFColorPaint.c */; };
		38E3DB9E1AF114BF00F84CBB /* BFFont.c in Sources */ = {isa = PBXBuildFile; fileRef = 38E3DB7C1AF114BF00F84CBB /* BFFont.c */; };
		38E3DB9F1AF114BF00F84CBB /* BFGradientPaint.c in Sources */ = {isa = PBXBuildFile; fileRef = 38E3DB7E1AF114BF00F84CBB /* BFGradientPaint.c */; };
		38E3DBA01AF114BF00F84CBB /* BFIcon.c in Sources */ = {isa = PBXBuildFile; fileRef = 38E3DB801AF114BF00F84CBB /* BFIcon.c */; };
		38E3DBA11AF114BF00F84CBB /* BFPaint.c in Sources */ = {isa = PBXBuildFile; fileRef = 38E3DB821AF114BF00F84CBB /* BFPaint.c */; };
		38E3DBA21AF114BF00F84CBB /* BFPaintMode.c in Sources */ = {isa = PBXBuildFile; fileRef = 38E3DB841AF114BF00F84CBB /* BFPaintMode.c */; };
		38E3DBA31AF114BF00F84CBB /* BFPath.c in Sources */ = {isa = PBXBuildFile; fileRef = 38E3DB861AF114BF00F84CBB /* BFPath.c */; };
		38E3DBA41AF114BF00F84CBB /* BFQuartzTypes.c in Sources */ = {isa = PBXBuildFile; fileRef = 38E3DB881AF114BF00F84CBB /* BFQuartzTypes.c */; };
		38E3DBA51AF114BF00F84CBB /* BFStyledString.c in Sources */ = {isa = PBXBuildFile; fileRef = 38E3DB8A1AF114BF00F84CBB /* BFStyledString.c */; };
		38E3DBA61AF114BF00F84CBB /* BFTransformation.c in Sources */ = {isa = PBXBuildFile; fileRef = 38E3DB8C1AF114BF00F84CBB /* BFTransformation.c */; };
		38E3DBAC1AF1990F00F84CBB /* DrawingView.m in Sources */ = {isa = PBXBuildFile; fileRef = 38E3DBAB1AF1990F00F84CBB /* DrawingView.m */; };
/* End PBXBuildFile section */

/* Begin PBXContainerItemProxy section */
		38E3DB471AF1142100F84CBB /* PBXContainerItemProxy */ = {
			isa = PBXContainerItemProxy;
			containerPortal = 38E3DB2B1AF1142100F84CBB /* Project object */;
			proxyType = 1;
			remoteGlobalIDString = 38E3DB321AF1142100F84CBB;
			remoteInfo = "lua-quartz";
		};
/* End PBXContainerItemProxy section */

/* Begin PBXFileReference section */
		38E3DB331AF1142100F84CBB /* lua-quartz.app */ = {isa = PBXFileReference; explicitFileType = wrapper.application; includeInIndex = 0; path = "lua-quartz.app"; sourceTree = BUILT_PRODUCTS_DIR; };
		38E3DB371AF1142100F84CBB /* Info.plist */ = {isa = PBXFileReference; lastKnownFileType = text.plist.xml; path = Info.plist; sourceTree = "<group>"; };
		38E3DB381AF1142100F84CBB /* AppDelegate.h */ = {isa = PBXFileReference; lastKnownFileType = sourcecode.c.h; path = AppDelegate.h; sourceTree = "<group>"; };
		38E3DB391AF1142100F84CBB /* AppDelegate.m */ = {isa = PBXFileReference; lastKnownFileType = sourcecode.c.objc; path = AppDelegate.m; sourceTree = "<group>"; };
		38E3DB3B1AF1142100F84CBB /* main.m */ = {isa = PBXFileReference; lastKnownFileType = sourcecode.c.objc; path = main.m; sourceTree = "<group>"; };
		38E3DB3D1AF1142100F84CBB /* Images.xcassets */ = {isa = PBXFileReference; lastKnownFileType = folder.assetcatalog; path = Images.xcassets; sourceTree = "<group>"; };
		38E3DB401AF1142100F84CBB /* Base */ = {isa = PBXFileReference; lastKnownFileType = file.xib; name = Base; path = Base.lproj/MainMenu.xib; sourceTree = "<group>"; };
		38E3DB461AF1142100F84CBB /* lua-quartzTests.xctest */ = {isa = PBXFileReference; explicitFileType = wrapper.cfbundle; includeInIndex = 0; path = "lua-quartzTests.xctest"; sourceTree = BUILT_PRODUCTS_DIR; };
		38E3DB4B1AF1142100F84CBB /* Info.plist */ = {isa = PBXFileReference; lastKnownFileType = text.plist.xml; path = Info.plist; sourceTree = "<group>"; };
		38E3DB4C1AF1142100F84CBB /* lua_quartzTests.m */ = {isa = PBXFileReference; lastKnownFileType = sourcecode.c.objc; path = lua_quartzTests.m; sourceTree = "<group>"; };
		38E3DB5B1AF114BF00F84CBB /* BFLua.c */ = {isa = PBXFileReference; fileEncoding = 4; lastKnownFileType = sourcecode.c.c; path = BFLua.c; sourceTree = "<group>"; };
		38E3DB5C1AF114BF00F84CBB /* BFLua.h */ = {isa = PBXFileReference; fileEncoding = 4; lastKnownFileType = sourcecode.c.h; path = BFLua.h; sourceTree = "<group>"; };
		38E3DB5D1AF114BF00F84CBB /* BFLuaCanvas.c */ = {isa = PBXFileReference; fileEncoding = 4; lastKnownFileType = sourcecode.c.c; path = BFLuaCanvas.c; sourceTree = "<group>"; };
		38E3DB5F1AF114BF00F84CBB /* BFLuaCanvasMetrics.c */ = {isa = PBXFileReference; fileEncoding = 4; lastKnownFileType = sourcecode.c.c; path = BFLuaCanvasMetrics.c; sourceTree = "<group>"; };
		38E3DB611AF114BF00F84CBB /* BFLuaColor.c */ = {isa = PBXFileReference; fileEncoding = 4; lastKnownFileType = sourcecode.c.c; path = BFLuaColor.c; sourceTree = "<group>"; };
		38E3DB631AF114BF00F84CBB /* BFLuaFont.c */ = {isa = PBXFileReference; fileEncoding = 4; lastKnownFileType = sourcecode.c.c; path = BFLuaFont.c; sourceTree = "<group>"; };
		38E3DB651AF114BF00F84CBB /* BFLuaGradient.c */ = {isa = PBXFileReference; fileEncoding = 4; lastKnownFileType = sourcecode.c.c; path = BFLuaGradient.c; sourceTree = "<group>"; };
		38E3DB671AF114BF00F84CBB /* BFLuaIcon.c */ = {isa = PBXFileReference; fileEncoding = 4; lastKnownFileType = sourcecode.c.c; path = BFLuaIcon.c; sourceTree = "<group>"; };
		38E3DB691AF114BF00F84CBB /* BFLuaPaint.c */ = {isa = PBXFileReference; fileEncoding = 4; lastKnownFileType = sourcecode.c.c; path = BFLuaPaint.c; sourceTree = "<group>"; };
		38E3DB6A1AF114BF00F84CBB /* BFLuaPaint.h */ = {isa = PBXFileReference; fileEncoding = 4; lastKnownFileType = sourcecode.c.h; path = BFLuaPaint.h; sourceTree = "<group>"; };
		38E3DB6B1AF114BF00F84CBB /* BFLuaPaintMode.c */ = {isa = PBXFileReference; fileEncoding = 4; lastKnownFileType = sourcecode.c.c; path = BFLuaPaintMode.c; sourceTree = "<group>"; };
		38E3DB6D1AF114BF00F84CBB /* BFLuaPath.c */ = {isa = PBXFileReference; fileEncoding = 4; lastKnownFileType = sourcecode.c.c; path = BFLuaPath.c; sourceTree = "<group>"; };
		38E3DB6F1AF114BF00F84CBB /* BFLuaStyledString.c */ = {isa = PBXFileReference; fileEncoding = 4; lastKnownFileType = sourcecode.c.c; path = BFLuaStyledString.c; sourceTree = "<group>"; };
		38E3DB711AF114BF00F84CBB /* BFLuaTransformation.c */ = {isa = PBXFileReference; fileEncoding = 4; lastKnownFileType = sourcecode.c.c; path = BFLuaTransformation.c; sourceTree = "<group>"; };
		38E3DB741AF114BF00F84CBB /* BFBase.c */ = {isa = PBXFileReference; fileEncoding = 4; lastKnownFileType = sourcecode.c.c; path = BFBase.c; sourceTree = "<group>"; };
		38E3DB751AF114BF00F84CBB /* BFBase.h */ = {isa = PBXFileReference; fileEncoding = 4; lastKnownFileType = sourcecode.c.h; path = BFBase.h; sourceTree = "<group>"; };
		38E3DB761AF114BF00F84CBB /* BFCanvas.c */ = {isa = PBXFileReference; fileEncoding = 4; lastKnownFileType = sourcecode.c.c; path = BFCanvas.c; sourceTree = "<group>"; };
		38E3DB771AF114BF00F84CBB /* BFCanvas.h */ = {isa = PBXFileReference; fileEncoding = 4; lastKnownFileType = sourcecode.c.h; path = BFCanvas.h; sourceTree = "<group>"; };
		38E3DB781AF114BF00F84CBB /* BFCanvasMetrics.c */ = {isa = PBXFileReference; fileEncoding = 4; lastKnownFileType = sourcecode.c.c; path = BFCanvasMetrics.c; sourceTree = "<group>"; };
		38E3DB791AF114BF00F84CBB /* BFCanvasMetrics.h */ = {isa = PBXFileReference; fileEncoding = 4; lastKnownFileType = sourcecode.c.h; path = BFCanvasMetrics.h; sourceTree = "<group>"; };
		38E3DB7A1AF114BF00F84CBB /* BFColorPaint.c */ = {isa = PBXFileReference; fileEncoding = 4; lastKnownFileType = sourcecode.c.c; path = BFColorPaint.c; sourceTree = "<group>"; };
		38E3DB7B1AF114BF00F84CBB /* BFColorPaint.h */ = {isa = PBXFileReference; fileEncoding = 4; lastKnownFileType = sourcecode.c.h; path = BFColorPaint.h; sourceTree = "<group>"; };
		38E3DB7C1AF114BF00F84CBB /* BFFont.c */ = {isa = PBXFileReference; fileEncoding = 4; lastKnownFileType = sourcecode.c.c; path = BFFont.c; sourceTree = "<group>"; };
		38E3DB7D1AF114BF00F84CBB /* BFFont.h */ = {isa = PBXFileReference; fileEncoding = 4; lastKnownFileType = sourcecode.c.h; path = BFFont.h; sourceTree = "<group>"; };
		38E3DB7E1AF114BF00F84CBB /* BFGradientPaint.c */ = {isa = PBXFileReference; fileEncoding = 4; lastKnownFileType = sourcecode.c.c; path = BFGradientPaint.c; sourceTree = "<group>"; };
		38E3DB7F1AF114BF00F84CBB /* BFGradientPaint.h */ = {isa = PBXFileReference; fileEncoding = 4; lastKnownFileType = sourcecode.c.h; path = BFGradientPaint.h; sourceTree = "<group>"; };
		38E3DB801AF114BF00F84CBB /* BFIcon.c */ = {isa = PBXFileReference; fileEncoding = 4; lastKnownFileType = sourcecode.c.c; path = BFIcon.c; sourceTree = "<group>"; };
		38E3DB811AF114BF00F84CBB /* BFIcon.h */ = {isa = PBXFileReference; fileEncoding = 4; lastKnownFileType = sourcecode.c.h; path = BFIcon.h; sourceTree = "<group>"; };
		38E3DB821AF114BF00F84CBB /* BFPaint.c */ = {isa = PBXFileReference; fileEncoding = 4; lastKnownFileType = sourcecode.c.c; path = BFPaint.c; sourceTree = "<group>"; };
		38E3DB831AF114BF00F84CBB /* BFPaint.h */ = {isa = PBXFileReference; fileEncoding = 4; lastKnownFileType = sourcecode.c.h; path = BFPaint.h; sourceTree = "<group>"; };
		38E3DB841AF114BF00F84CBB /* BFPaintMode.c */ = {isa = PBXFileReference; fileEncoding = 4; lastKnownFileType = sourcecode.c.c; path = BFPaintMode.c; sourceTree = "<group>"; };
		38E3DB851AF114BF00F84CBB /* BFPaintMode.h */ = {isa = PBXFileReference; fileEncoding = 4; lastKnownFileType = sourcecode.c.h; path = BFPaintMode.h; sourceTree = "<group>"; };
		38E3DB861AF114BF00F84CBB /* BFPath.c */ = {isa = PBXFileReference; fileEncoding = 4; lastKnownFileType = sourcecode.c.c; path = BFPath.c; sourceTree = "<group>"; };
		38E3DB871AF114BF00F84CBB /* BFPath.h */ = {isa = PBXFileReference; fileEncoding = 4; lastKnownFileType = sourcecode.c.h; path = BFPath.h; sourceTree = "<group>"; };
		38E3DB881AF114BF00F84CBB /* BFQuartzTypes.c */ = {isa = PBXFileReference; fileEncoding = 4; lastKnownFileType = sourcecode.c.c; path = BFQuartzTypes.c; sourceTree = "<group>"; };
		38E3DB891AF114BF00F84CBB /* BFQuartzTypes.h */ = {isa = PBXFileReference; fileEncoding = 4; lastKnownFileType = sourcecode.c.h; path = BFQuartzTypes.h; sourceTree = "<group>"; };
		38E3DB8A1AF114BF00F84CBB /* BFStyledString.c */ = {isa = PBXFileReference; fileEncoding = 4; lastKnownFileType = sourcecode.c.c; path = BFStyledString.c; sourceTree = "<group>"; };
		38E3DB8B1AF114BF00F84CBB /* BFStyledString.h */ = {isa = PBXFileReference; fileEncoding = 4; lastKnownFileType = sourcecode.c.h; path = BFStyledString.h; sourceTree = "<group>"; };
		38E3DB8C1AF114BF00F84CBB /* BFTransformation.c */ = {isa = PBXFileReference; fileEncoding = 4; lastKnownFileType = sourcecode.c.c; path = BFTransformation.c; sourceTree = "<group>"; };
		38E3DB8D1AF114BF00F84CBB /* BFTransformation.h */ = {isa = PBXFileReference; fileEncoding = 4; lastKnownFileType = sourcecode.c.h; path = BFTransformation.h; sourceTree = "<group>"; };
		38E3DBAA1AF1990F00F84CBB /* DrawingView.h */ = {isa = PBXFileReference; fileEncoding = 4; lastKnownFileType = sourcecode.c.h; path = DrawingView.h; sourceTree = "<group>"; };
		38E3DBAB1AF1990F00F84CBB /* DrawingView.m */ = {isa = PBXFileReference; fileEncoding = 4; lastKnownFileType = sourcecode.c.objc; path = DrawingView.m; sourceTree = "<group>"; };
/* End PBXFileReference section */

/* Begin PBXFrameworksBuildPhase section */
		38E3DB301AF1142100F84CBB /* Frameworks */ = {
			isa = PBXFrameworksBuildPhase;
			buildActionMask = 2147483647;
			files = (
			);
			runOnlyForDeploymentPostprocessing = 0;
		};
		38E3DB431AF1142100F84CBB /* Frameworks */ = {
			isa = PBXFrameworksBuildPhase;
			buildActionMask = 2147483647;
			files = (
			);
			runOnlyForDeploymentPostprocessing = 0;
		};
/* End PBXFrameworksBuildPhase section */

/* Begin PBXGroup section */
		38E3DB2A1AF1142100F84CBB = {
			isa = PBXGroup;
			children = (
				38E3DB351AF1142100F84CBB /* app */,
				38E3DB5A1AF114BF00F84CBB /* lua */,
				38E3DB731AF114BF00F84CBB /* quartz */,
				38E3DB491AF1142100F84CBB /* lua-quartzTests */,
				38E3DB341AF1142100F84CBB /* Products */,
			);
			sourceTree = "<group>";
		};
		38E3DB341AF1142100F84CBB /* Products */ = {
			isa = PBXGroup;
			children = (
				38E3DB331AF1142100F84CBB /* lua-quartz.app */,
				38E3DB461AF1142100F84CBB /* lua-quartzTests.xctest */,
			);
			name = Products;
			sourceTree = "<group>";
		};
		38E3DB351AF1142100F84CBB /* app */ = {
			isa = PBXGroup;
			children = (
				38E3DB381AF1142100F84CBB /* AppDelegate.h */,
				38E3DB391AF1142100F84CBB /* AppDelegate.m */,
				38E3DBAA1AF1990F00F84CBB /* DrawingView.h */,
				38E3DBAB1AF1990F00F84CBB /* DrawingView.m */,
				38E3DB3D1AF1142100F84CBB /* Images.xcassets */,
				38E3DB3F1AF1142100F84CBB /* MainMenu.xib */,
				38E3DB361AF1142100F84CBB /* Supporting Files */,
			);
			path = app;
			sourceTree = "<group>";
		};
		38E3DB361AF1142100F84CBB /* Supporting Files */ = {
			isa = PBXGroup;
			children = (
				38E3DB371AF1142100F84CBB /* Info.plist */,
				38E3DB3B1AF1142100F84CBB /* main.m */,
			);
			name = "Supporting Files";
			sourceTree = "<group>";
		};
		38E3DB491AF1142100F84CBB /* lua-quartzTests */ = {
			isa = PBXGroup;
			children = (
				38E3DB4C1AF1142100F84CBB /* lua_quartzTests.m */,
				38E3DB4A1AF1142100F84CBB /* Supporting Files */,
			);
			path = "lua-quartzTests";
			sourceTree = "<group>";
		};
		38E3DB4A1AF1142100F84CBB /* Supporting Files */ = {
			isa = PBXGroup;
			children = (
				38E3DB4B1AF1142100F84CBB /* Info.plist */,
			);
			name = "Supporting Files";
			sourceTree = "<group>";
		};
		38E3DB5A1AF114BF00F84CBB /* lua */ = {
			isa = PBXGroup;
			children = (
				38E3DB5B1AF114BF00F84CBB /* BFLua.c */,
				38E3DB5C1AF114BF00F84CBB /* BFLua.h */,
				38E3DB5D1AF114BF00F84CBB /* BFLuaCanvas.c */,
				38E3DB5F1AF114BF00F84CBB /* BFLuaCanvasMetrics.c */,
				38E3DB611AF114BF00F84CBB /* BFLuaColor.c */,
				38E3DB631AF114BF00F84CBB /* BFLuaFont.c */,
				38E3DB651AF114BF00F84CBB /* BFLuaGradient.c */,
				38E3DB671AF114BF00F84CBB /* BFLuaIcon.c */,
				38E3DB691AF114BF00F84CBB /* BFLuaPaint.c */,
				38E3DB6A1AF114BF00F84CBB /* BFLuaPaint.h */,
				38E3DB6B1AF114BF00F84CBB /* BFLuaPaintMode.c */,
				38E3DB6D1AF114BF00F84CBB /* BFLuaPath.c */,
				38E3DB6F1AF114BF00F84CBB /* BFLuaStyledString.c */,
				38E3DB711AF114BF00F84CBB /* BFLuaTransformation.c */,
			);
			path = lua;
			sourceTree = "<group>";
		};
		38E3DB731AF114BF00F84CBB /* quartz */ = {
			isa = PBXGroup;
			children = (
				38E3DB741AF114BF00F84CBB /* BFBase.c */,
				38E3DB751AF114BF00F84CBB /* BFBase.h */,
				38E3DB761AF114BF00F84CBB /* BFCanvas.c */,
				38E3DB771AF114BF00F84CBB /* BFCanvas.h */,
				38E3DB781AF114BF00F84CBB /* BFCanvasMetrics.c */,
				38E3DB791AF114BF00F84CBB /* BFCanvasMetrics.h */,
				38E3DB7A1AF114BF00F84CBB /* BFColorPaint.c */,
				38E3DB7B1AF114BF00F84CBB /* BFColorPaint.h */,
				38E3DB7C1AF114BF00F84CBB /* BFFont.c */,
				38E3DB7D1AF114BF00F84CBB /* BFFont.h */,
				38E3DB7E1AF114BF00F84CBB /* BFGradientPaint.c */,
				38E3DB7F1AF114BF00F84CBB /* BFGradientPaint.h */,
				38E3DB801AF114BF00F84CBB /* BFIcon.c */,
				38E3DB811AF114BF00F84CBB /* BFIcon.h */,
				38E3DB821AF114BF00F84CBB /* BFPaint.c */,
				38E3DB831AF114BF00F84CBB /* BFPaint.h */,
				38E3DB841AF114BF00F84CBB /* BFPaintMode.c */,
				38E3DB851AF114BF00F84CBB /* BFPaintMode.h */,
				38E3DB861AF114BF00F84CBB /* BFPath.c */,
				38E3DB871AF114BF00F84CBB /* BFPath.h */,
				38E3DB881AF114BF00F84CBB /* BFQuartzTypes.c */,
				38E3DB891AF114BF00F84CBB /* BFQuartzTypes.h */,
				38E3DB8A1AF114BF00F84CBB /* BFStyledString.c */,
				38E3DB8B1AF114BF00F84CBB /* BFStyledString.h */,
				38E3DB8C1AF114BF00F84CBB /* BFTransformation.c */,
				38E3DB8D1AF114BF00F84CBB /* BFTransformation.h */,
			);
			path = quartz;
			sourceTree = "<group>";
		};
/* End PBXGroup section */

/* Begin PBXNativeTarget section */
		38E3DB321AF1142100F84CBB /* lua-quartz */ = {
			isa = PBXNativeTarget;
			buildConfigurationList = 38E3DB501AF1142100F84CBB /* Build configuration list for PBXNativeTarget "lua-quartz" */;
			buildPhases = (
				38E3DB2F1AF1142100F84CBB /* Sources */,
				38E3DB301AF1142100F84CBB /* Frameworks */,
				38E3DB311AF1142100F84CBB /* Resources */,
			);
			buildRules = (
			);
			dependencies = (
			);
			name = "lua-quartz";
			productName = "lua-quartz";
			productReference = 38E3DB331AF1142100F84CBB /* lua-quartz.app */;
			productType = "com.apple.product-type.application";
		};
		38E3DB451AF1142100F84CBB /* lua-quartzTests */ = {
			isa = PBXNativeTarget;
			buildConfigurationList = 38E3DB531AF1142100F84CBB /* Build configuration list for PBXNativeTarget "lua-quartzTests" */;
			buildPhases = (
				38E3DB421AF1142100F84CBB /* Sources */,
				38E3DB431AF1142100F84CBB /* Frameworks */,
				38E3DB441AF1142100F84CBB /* Resources */,
			);
			buildRules = (
			);
			dependencies = (
				38E3DB481AF1142100F84CBB /* PBXTargetDependency */,
			);
			name = "lua-quartzTests";
			productName = "lua-quartzTests";
			productReference = 38E3DB461AF1142100F84CBB /* lua-quartzTests.xctest */;
			productType = "com.apple.product-type.bundle.unit-test";
		};
/* End PBXNativeTarget section */

/* Begin PBXProject section */
		38E3DB2B1AF1142100F84CBB /* Project object */ = {
			isa = PBXProject;
			attributes = {
				LastUpgradeCheck = 0630;
				ORGANIZATIONNAME = "Ripeware, LLC";
				TargetAttributes = {
					38E3DB321AF1142100F84CBB = {
						CreatedOnToolsVersion = 6.3.1;
					};
					38E3DB451AF1142100F84CBB = {
						CreatedOnToolsVersion = 6.3.1;
						TestTargetID = 38E3DB321AF1142100F84CBB;
					};
				};
			};
			buildConfigurationList = 38E3DB2E1AF1142100F84CBB /* Build configuration list for PBXProject "lua-quartz" */;
			compatibilityVersion = "Xcode 3.2";
			developmentRegion = English;
			hasScannedForEncodings = 0;
			knownRegions = (
				en,
				Base,
			);
			mainGroup = 38E3DB2A1AF1142100F84CBB;
			productRefGroup = 38E3DB341AF1142100F84CBB /* Products */;
			projectDirPath = "";
			projectRoot = "";
			targets = (
				38E3DB321AF1142100F84CBB /* lua-quartz */,
				38E3DB451AF1142100F84CBB /* lua-quartzTests */,
			);
		};
/* End PBXProject section */

/* Begin PBXResourcesBuildPhase section */
		38E3DB311AF1142100F84CBB /* Resources */ = {
			isa = PBXResourcesBuildPhase;
			buildActionMask = 2147483647;
			files = (
				38E3DB3E1AF1142100F84CBB /* Images.xcassets in Resources */,
				38E3DB411AF1142100F84CBB /* MainMenu.xib in Resources */,
			);
			runOnlyForDeploymentPostprocessing = 0;
		};
		38E3DB441AF1142100F84CBB /* Resources */ = {
			isa = PBXResourcesBuildPhase;
			buildActionMask = 2147483647;
			files = (
			);
			runOnlyForDeploymentPostprocessing = 0;
		};
/* End PBXResourcesBuildPhase section */

/* Begin PBXSourcesBuildPhase section */
		38E3DB2F1AF1142100F84CBB /* Sources */ = {
			isa = PBXSourcesBuildPhase;
			buildActionMask = 2147483647;
			files = (
				38E3DB9F1AF114BF00F84CBB /* BFGradientPaint.c in Sources */,
				38E3DB9C1AF114BF00F84CBB /* BFCanvasMetrics.c in Sources */,
				38E3DB931AF114BF00F84CBB /* BFLuaGradient.c in Sources */,
				38E3DBA51AF114BF00F84CBB /* BFStyledString.c in Sources */,
				38E3DB9D1AF114BF00F84CBB /* BFColorPaint.c in Sources */,
				38E3DB901AF114BF00F84CBB /* BFLuaCanvasMetrics.c in Sources */,
				38E3DB961AF114BF00F84CBB /* BFLuaPaintMode.c in Sources */,
				38E3DBA31AF114BF00F84CBB /* BFPath.c in Sources */,
				38E3DBA41AF114BF00F84CBB /* BFQuartzTypes.c in Sources */,
				38E3DB971AF114BF00F84CBB /* BFLuaPath.c in Sources */,
				38E3DBA01AF114BF00F84CBB /* BFIcon.c in Sources */,
				38E3DB9E1AF114BF00F84CBB /* BFFont.c in Sources */,
				38E3DB8F1AF114BF00F84CBB /* BFLuaCanvas.c in Sources */,
				38E3DBA11AF114BF00F84CBB /* BFPaint.c in Sources */,
				38E3DB981AF114BF00F84CBB /* BFLuaStyledString.c in Sources */,
				38E3DB8E1AF114BF00F84CBB /* BFLua.c in Sources */,
				38E3DB3C1AF1142100F84CBB /* main.m in Sources */,
				38E3DBA21AF114BF00F84CBB /* BFPaintMode.c in Sources */,
				38E3DB911AF114BF00F84CBB /* BFLuaColor.c in Sources */,
				38E3DB991AF114BF00F84CBB /* BFLuaTransformation.c in Sources */,
				38E3DB941AF114BF00F84CBB /* BFLuaIcon.c in Sources */,
				38E3DB951AF114BF00F84CBB /* BFLuaPaint.c in Sources */,
				38E3DB921AF114BF00F84CBB /* BFLuaFont.c in Sources */,
				38E3DB3A1AF1142100F84CBB /* AppDelegate.m in Sources */,
				38E3DB9A1AF114BF00F84CBB /* BFBase.c in Sources */,
				38E3DBA61AF114BF00F84CBB /* BFTransformation.c in Sources */,
				38E3DB9B1AF114BF00F84CBB /* BFCanvas.c in Sources */,
				38E3DBAC1AF1990F00F84CBB /* DrawingView.m in Sources */,
			);
			runOnlyForDeploymentPostprocessing = 0;
		};
		38E3DB421AF1142100F84CBB /* Sources */ = {
			isa = PBXSourcesBuildPhase;
			buildActionMask = 2147483647;
			files = (
				38E3DB4D1AF1142100F84CBB /* lua_quartzTests.m in Sources */,
			);
			runOnlyForDeploymentPostprocessing = 0;
		};
/* End PBXSourcesBuildPhase section */

/* Begin PBXTargetDependency section */
		38E3DB481AF1142100F84CBB /* PBXTargetDependency */ = {
			isa = PBXTargetDependency;
			target = 38E3DB321AF1142100F84CBB /* lua-quartz */;
			targetProxy = 38E3DB471AF1142100F84CBB /* PBXContainerItemProxy */;
		};
/* End PBXTargetDependency section */

/* Begin PBXVariantGroup section */
		38E3DB3F1AF1142100F84CBB /* MainMenu.xib */ = {
			isa = PBXVariantGroup;
			children = (
				38E3DB401AF1142100F84CBB /* Base */,
			);
			name = MainMenu.xib;
			sourceTree = "<group>";
		};
/* End PBXVariantGroup section */

/* Begin XCBuildConfiguration section */
		38E3DB4E1AF1142100F84CBB /* Debug */ = {
			isa = XCBuildConfiguration;
			buildSettings = {
				ALWAYS_SEARCH_USER_PATHS = NO;
				CLANG_CXX_LANGUAGE_STANDARD = "gnu++0x";
				CLANG_CXX_LIBRARY = "libc++";
				CLANG_ENABLE_MODULES = YES;
				CLANG_ENABLE_OBJC_ARC = YES;
				CLANG_WARN_BOOL_CONVERSION = YES;
				CLANG_WARN_CONSTANT_CONVERSION = YES;
				CLANG_WARN_DIRECT_OBJC_ISA_USAGE = YES_ERROR;
				CLANG_WARN_EMPTY_BODY = YES;
				CLANG_WARN_ENUM_CONVERSION = YES;
				CLANG_WARN_INT_CONVERSION = YES;
				CLANG_WARN_OBJC_ROOT_CLASS = YES_ERROR;
				CLANG_WARN_UNREACHABLE_CODE = YES;
				CLANG_WARN__DUPLICATE_METHOD_MATCH = YES;
				CODE_SIGN_IDENTITY = "-";
				COPY_PHASE_STRIP = NO;
				DEBUG_INFORMATION_FORMAT = dwarf;
				ENABLE_STRICT_OBJC_MSGSEND = YES;
				GCC_C_LANGUAGE_STANDARD = gnu99;
				GCC_DYNAMIC_NO_PIC = NO;
				GCC_NO_COMMON_BLOCKS = YES;
				GCC_OPTIMIZATION_LEVEL = 0;
				GCC_PREPROCESSOR_DEFINITIONS = (
					"DEBUG=1",
					"$(inherited)",
				);
				GCC_SYMBOLS_PRIVATE_EXTERN = NO;
				GCC_WARN_64_TO_32_BIT_CONVERSION = YES;
				GCC_WARN_ABOUT_RETURN_TYPE = YES_ERROR;
				GCC_WARN_UNDECLARED_SELECTOR = YES;
				GCC_WARN_UNINITIALIZED_AUTOS = YES_AGGRESSIVE;
				GCC_WARN_UNUSED_FUNCTION = YES;
				GCC_WARN_UNUSED_VARIABLE = YES;
				MACOSX_DEPLOYMENT_TARGET = 10.10;
				MTL_ENABLE_DEBUG_INFO = YES;
				ONLY_ACTIVE_ARCH = YES;
				SDKROOT = macosx;
			};
			name = Debug;
		};
		38E3DB4F1AF1142100F84CBB /* Release */ = {
			isa = XCBuildConfiguration;
			buildSettings = {
				ALWAYS_SEARCH_USER_PATHS = NO;
				CLANG_CXX_LANGUAGE_STANDARD = "gnu++0x";
				CLANG_CXX_LIBRARY = "libc++";
				CLANG_ENABLE_MODULES = YES;
				CLANG_ENABLE_OBJC_ARC = YES;
				CLANG_WARN_BOOL_CONVERSION = YES;
				CLANG_WARN_CONSTANT_CONVERSION = YES;
				CLANG_WARN_DIRECT_OBJC_ISA_USAGE = YES_ERROR;
				CLANG_WARN_EMPTY_BODY = YES;
				CLANG_WARN_ENUM_CONVERSION = YES;
				CLANG_WARN_INT_CONVERSION = YES;
				CLANG_WARN_OBJC_ROOT_CLASS = YES_ERROR;
				CLANG_WARN_UNREACHABLE_CODE = YES;
				CLANG_WARN__DUPLICATE_METHOD_MATCH = YES;
				CODE_SIGN_IDENTITY = "-";
				COPY_PHASE_STRIP = NO;
				DEBUG_INFORMATION_FORMAT = "dwarf-with-dsym";
				ENABLE_NS_ASSERTIONS = NO;
				ENABLE_STRICT_OBJC_MSGSEND = YES;
				GCC_C_LANGUAGE_STANDARD = gnu99;
				GCC_NO_COMMON_BLOCKS = YES;
				GCC_WARN_64_TO_32_BIT_CONVERSION = YES;
				GCC_WARN_ABOUT_RETURN_TYPE = YES_ERROR;
				GCC_WARN_UNDECLARED_SELECTOR = YES;
				GCC_WARN_UNINITIALIZED_AUTOS = YES_AGGRESSIVE;
				GCC_WARN_UNUSED_FUNCTION = YES;
				GCC_WARN_UNUSED_VARIABLE = YES;
				MACOSX_DEPLOYMENT_TARGET = 10.10;
				MTL_ENABLE_DEBUG_INFO = NO;
				SDKROOT = macosx;
			};
			name = Release;
		};
		38E3DB511AF1142100F84CBB /* Debug */ = {
			isa = XCBuildConfiguration;
			buildSettings = {
				ALWAYS_SEARCH_USER_PATHS = YES;
				ASSETCATALOG_COMPILER_APPICON_NAME = AppIcon;
				INFOPLIST_FILE = app/Info.plist;
				LD_RUNPATH_SEARCH_PATHS = "$(inherited) @executable_path/../Frameworks";
				OTHER_LDFLAGS = /usr/local/lib/liblua.a;
				PRODUCT_NAME = "lua-quartz";
				USER_HEADER_SEARCH_PATHS = /usr/local/include;
			};
			name = Debug;
		};
		38E3DB521AF1142100F84CBB /* Release */ = {
			isa = XCBuildConfiguration;
			buildSettings = {
				ALWAYS_SEARCH_USER_PATHS = YES;
				ASSETCATALOG_COMPILER_APPICON_NAME = AppIcon;
				INFOPLIST_FILE = app/Info.plist;
				LD_RUNPATH_SEARCH_PATHS = "$(inherited) @executable_path/../Frameworks";
				OTHER_LDFLAGS = /usr/local/lib/liblua.a;
				PRODUCT_NAME = "lua-quartz";
				USER_HEADER_SEARCH_PATHS = /usr/local/include;
			};
			name = Release;
		};
		38E3DB541AF1142100F84CBB /* Debug */ = {
			isa = XCBuildConfiguration;
			buildSettings = {
				BUNDLE_LOADER = "$(TEST_HOST)";
				COMBINE_HIDPI_IMAGES = YES;
				FRAMEWORK_SEARCH_PATHS = (
					"$(DEVELOPER_FRAMEWORKS_DIR)",
					"$(inherited)",
				);
				GCC_PREPROCESSOR_DEFINITIONS = (
					"DEBUG=1",
					"$(inherited)",
				);
				INFOPLIST_FILE = "lua-quartzTests/Info.plist";
				LD_RUNPATH_SEARCH_PATHS = "$(inherited) @executable_path/../Frameworks @loader_path/../Frameworks";
				PRODUCT_NAME = "$(TARGET_NAME)";
				TEST_HOST = "$(BUILT_PRODUCTS_DIR)/lua-quartz.app/Contents/MacOS/lua-quartz";
			};
			name = Debug;
		};
		38E3DB551AF1142100F84CBB /* Release */ = {
			isa = XCBuildConfiguration;
			buildSettings = {
				BUNDLE_LOADER = "$(TEST_HOST)";
				COMBINE_HIDPI_IMAGES = YES;
				FRAMEWORK_SEARCH_PATHS = (
					"$(DEVELOPER_FRAMEWORKS_DIR)",
					"$(inherited)",
				);
				INFOPLIST_FILE = "lua-quartzTests/Info.plist";
				LD_RUNPATH_SEARCH_PATHS = "$(inherited) @executable_path/../Frameworks @loader_path/../Frameworks";
				PRODUCT_NAME = "$(TARGET_NAME)";
				TEST_HOST = "$(BUILT_PRODUCTS_DIR)/lua-quartz.app/Contents/MacOS/lua-quartz";
			};
			name = Release;
		};
/* End XCBuildConfiguration section */

/* Begin XCConfigurationList section */
		38E3DB2E1AF1142100F84CBB /* Build configuration list for PBXProject "lua-quartz" */ = {
			isa = XCConfigurationList;
			buildConfigurations = (
				38E3DB4E1AF1142100F84CBB /* Debug */,
				38E3DB4F1AF1142100F84CBB /* Release */,
			);
			defaultConfigurationIsVisible = 0;
			defaultConfigurationName = Release;
		};
		38E3DB501AF1142100F84CBB /* Build configuration list for PBXNativeTarget "lua-quartz" */ = {
			isa = XCConfigurationList;
			buildConfigurations = (
				38E3DB511AF1142100F84CBB /* Debug */,
				38E3DB521AF1142100F84CBB /* Release */,
			);
			defaultConfigurationIsVisible = 0;
			defaultConfigurationName = Release;
		};
		38E3DB531AF1142100F84CBB /* Build configuration list for PBXNativeTarget "lua-quartzTests" */ = {
			isa = XCConfigurationList;
			buildConfigurations = (
				38E3DB541AF1142100F84CBB /* Debug */,
				38E3DB551AF1142100F84CBB /* Release */,
			);
			defaultConfigurationIsVisible = 0;
			defaultConfigurationName = Release;
		};
/* End XCConfigurationList section */
	};
	rootObject = 38E3DB2B1AF1142100F84CBB /* Project object */;
}
